
Microsoft Visual Studio Solution File, Format Version 12.00
# Visual Studio Version 16
VisualStudioVersion = 16.0.29409.12
MinimumVisualStudioVersion = 10.0.40219.1
Project("{9A19103F-16F7-4668-BE54-9A1E7A4F7556}") = "LibTests", "LibTests\LibTests.csproj", "{0EDE66CB-0175-495A-A45A-50070C34EE70}"
EndProject
Project("{FAE04EC0-301F-11D3-BF4B-00C04F79EFBC}") = "ZVS.Libs", "ZVS.Libs\ZVS.Libs.csproj", "{138A833C-1B50-4EA1-A4E8-F9153AFAD8F2}"
EndProject
Project("{FAE04EC0-301F-11D3-BF4B-00C04F79EFBC}") = "ZVS.FilterSort", "ZVS.FilterSort\ZVS.FilterSort.csproj", "{4CE6D35F-AC24-4E21-96CF-821CAE91C949}"
EndProject
Project("{FAE04EC0-301F-11D3-BF4B-00C04F79EFBC}") = "ZVS.Global", "ZVS.Global\ZVS.Global.csproj", "{634DB4D9-64CE-4B8C-B377-C3EE77A9818D}"
EndProject
Project("{FAE04EC0-301F-11D3-BF4B-00C04F79EFBC}") = "ZVS.WPF", "ZVS.WPF\ZVS.WPF.csproj", "{8DDE4E40-209F-4091-9DA6-97ADEAE064F7}"
EndProject
Global
	GlobalSection(SolutionConfigurationPlatforms) = preSolution
		Debug|Any CPU = Debug|Any CPU
		Release|Any CPU = Release|Any CPU
	EndGlobalSection
	GlobalSection(ProjectConfigurationPlatforms) = postSolution
		{0EDE66CB-0175-495A-A45A-50070C34EE70}.Debug|Any CPU.ActiveCfg = Debug|Any CPU
		{0EDE66CB-0175-495A-A45A-50070C34EE70}.Debug|Any CPU.Build.0 = Debug|Any CPU
		{0EDE66CB-0175-495A-A45A-50070C34EE70}.Release|Any CPU.ActiveCfg = Release|Any CPU
		{0EDE66CB-0175-495A-A45A-50070C34EE70}.Release|Any CPU.Build.0 = Release|Any CPU
		{138A833C-1B50-4EA1-A4E8-F9153AFAD8F2}.Debug|Any CPU.ActiveCfg = Debug|Any CPU
		{138A833C-1B50-4EA1-A4E8-F9153AFAD8F2}.Debug|Any CPU.Build.0 = Debug|Any CPU
		{138A833C-1B50-4EA1-A4E8-F9153AFAD8F2}.Release|Any CPU.ActiveCfg = Release|Any CPU
		{138A833C-1B50-4EA1-A4E8-F9153AFAD8F2}.Release|Any CPU.Build.0 = Release|Any CPU
		{4CE6D35F-AC24-4E21-96CF-821CAE91C949}.Debug|Any CPU.ActiveCfg = Debug|Any CPU
		{4CE6D35F-AC24-4E21-96CF-821CAE91C949}.Debug|Any CPU.Build.0 = Debug|Any CPU
		{4CE6D35F-AC24-4E21-96CF-821CAE91C949}.Release|Any CPU.ActiveCfg = Release|Any CPU
		{4CE6D35F-AC24-4E21-96CF-821CAE91C949}.Release|Any CPU.Build.0 = Release|Any CPU
		{634DB4D9-64CE-4B8C-B377-C3EE77A9818D}.Debug|Any CPU.ActiveCfg = Debug|Any CPU
		{634DB4D9-64CE-4B8C-B377-C3EE77A9818D}.Debug|Any CPU.Build.0 = Debug|Any CPU
		{634DB4D9-64CE-4B8C-B377-C3EE77A9818D}.Release|Any CPU.ActiveCfg = Release|Any CPU
		{634DB4D9-64CE-4B8C-B377-C3EE77A9818D}.Release|Any CPU.Build.0 = Release|Any CPU
		{8DDE4E40-209F-4091-9DA6-97ADEAE064F7}.Debug|Any CPU.ActiveCfg = Debug|Any CPU
		{8DDE4E40-209F-4091-9DA6-97ADEAE064F7}.Debug|Any CPU.Build.0 = Debug|Any CPU
		{8DDE4E40-209F-4091-9DA6-97ADEAE064F7}.Release|Any CPU.ActiveCfg = Release|Any CPU
		{8DDE4E40-209F-4091-9DA6-97ADEAE064F7}.Release|Any CPU.Build.0 = Release|Any CPU
	EndGlobalSection
	GlobalSection(SolutionProperties) = preSolution
		HideSolutionNode = FALSE
	EndGlobalSection
	GlobalSection(ExtensibilityGlobals) = postSolution
		SolutionGuid = {95157D61-CDF2-4AED-A058-6524DD30CBA6}
	EndGlobalSection
EndGlobal
