
Microsoft Visual Studio Solution File, Format Version 12.00
# Visual Studio 15
VisualStudioVersion = 15.0.28307.168
MinimumVisualStudioVersion = 10.0.40219.1
Project("{9A19103F-16F7-4668-BE54-9A1E7A4F7556}") = "LibTest", "LibTest\LibTest.csproj", "{B687C217-4253-4EC5-BD76-E958380E87CC}"
EndProject
Project("{FAE04EC0-301F-11D3-BF4B-00C04F79EFBC}") = "ZVSlibs", "ZVSlibs\ZVSlibs.csproj", "{138A833C-1B50-4EA1-A4E8-F9153AFAD8F2}"
EndProject
Global
	GlobalSection(SolutionConfigurationPlatforms) = preSolution
		Debug|Any CPU = Debug|Any CPU
		Release|Any CPU = Release|Any CPU
	EndGlobalSection
	GlobalSection(ProjectConfigurationPlatforms) = postSolution
		{B687C217-4253-4EC5-BD76-E958380E87CC}.Debug|Any CPU.ActiveCfg = Debug|Any CPU
		{B687C217-4253-4EC5-BD76-E958380E87CC}.Debug|Any CPU.Build.0 = Debug|Any CPU
		{B687C217-4253-4EC5-BD76-E958380E87CC}.Release|Any CPU.ActiveCfg = Release|Any CPU
		{B687C217-4253-4EC5-BD76-E958380E87CC}.Release|Any CPU.Build.0 = Release|Any CPU
		{138A833C-1B50-4EA1-A4E8-F9153AFAD8F2}.Debug|Any CPU.ActiveCfg = Debug|Any CPU
		{138A833C-1B50-4EA1-A4E8-F9153AFAD8F2}.Debug|Any CPU.Build.0 = Debug|Any CPU
		{138A833C-1B50-4EA1-A4E8-F9153AFAD8F2}.Release|Any CPU.ActiveCfg = Release|Any CPU
		{138A833C-1B50-4EA1-A4E8-F9153AFAD8F2}.Release|Any CPU.Build.0 = Release|Any CPU
	EndGlobalSection
	GlobalSection(SolutionProperties) = preSolution
		HideSolutionNode = FALSE
	EndGlobalSection
	GlobalSection(ExtensibilityGlobals) = postSolution
		SolutionGuid = {95157D61-CDF2-4AED-A058-6524DD30CBA6}
	EndGlobalSection
EndGlobal
